
Microsoft Visual Studio Solution File, Format Version 12.00
# Visual Studio Version 17
VisualStudioVersion = 17.14.37411.7 d17.14
MinimumVisualStudioVersion = 10.0.40219.1
Project("{FAE04EC0-301F-11D3-BF4B-00C04F79EFBC}") = "24 July", "24 July.csproj", "{E770FBFE-CD27-47FC-A3BA-E35D290BCDA9}"
EndProject
Global
	GlobalSection(SolutionConfigurationPlatforms) = preSolution
		Debug|Any CPU = Debug|Any CPU
		Release|Any CPU = Release|Any CPU
	EndGlobalSection
	GlobalSection(ProjectConfigurationPlatforms) = postSolution
		{E770FBFE-CD27-47FC-A3BA-E35D290BCDA9}.Debug|Any CPU.ActiveCfg = Debug|Any CPU
		{E770FBFE-CD27-47FC-A3BA-E35D290BCDA9}.Debug|Any CPU.Build.0 = Debug|Any CPU
		{E770FBFE-CD27-47FC-A3BA-E35D290BCDA9}.Release|Any CPU.ActiveCfg = Release|Any CPU
		{E770FBFE-CD27-47FC-A3BA-E35D290BCDA9}.Release|Any CPU.Build.0 = Release|Any CPU
	EndGlobalSection
	GlobalSection(SolutionProperties) = preSolution
		HideSolutionNode = FALSE
	EndGlobalSection
	GlobalSection(ExtensibilityGlobals) = postSolution
		SolutionGuid = {0602E45F-A56A-4D6F-8603-7444DBF3C50F}
	EndGlobalSection
EndGlobal
