
Microsoft Visual Studio Solution File, Format Version 12.00
# Visual Studio Version 17
VisualStudioVersion = 17.14.37411.7
MinimumVisualStudioVersion = 10.0.40219.1
Project("{FAE04EC0-301F-11D3-BF4B-00C04F79EFBC}") = "16July Assign", "16July Assign.csproj", "{D31BFB05-DB26-4BBA-BB78-25F8B52C79B5}"
EndProject
Global
	GlobalSection(SolutionConfigurationPlatforms) = preSolution
		Debug|Any CPU = Debug|Any CPU
		Release|Any CPU = Release|Any CPU
	EndGlobalSection
	GlobalSection(ProjectConfigurationPlatforms) = postSolution
		{D31BFB05-DB26-4BBA-BB78-25F8B52C79B5}.Debug|Any CPU.ActiveCfg = Debug|Any CPU
		{D31BFB05-DB26-4BBA-BB78-25F8B52C79B5}.Debug|Any CPU.Build.0 = Debug|Any CPU
		{D31BFB05-DB26-4BBA-BB78-25F8B52C79B5}.Release|Any CPU.ActiveCfg = Release|Any CPU
		{D31BFB05-DB26-4BBA-BB78-25F8B52C79B5}.Release|Any CPU.Build.0 = Release|Any CPU
	EndGlobalSection
	GlobalSection(SolutionProperties) = preSolution
		HideSolutionNode = FALSE
	EndGlobalSection
	GlobalSection(ExtensibilityGlobals) = postSolution
		SolutionGuid = {1E82FF0C-FA22-42FB-BF0A-B0EB2DC9D032}
	EndGlobalSection
EndGlobal
